PODS:
  - CocoaLumberjack (2.3.0):
    - CocoaLumberjack/Default (= 2.3.0)
    - CocoaLumberjack/Extensions (= 2.3.0)
  - CocoaLumberjack/Core (2.3.0)
  - CocoaLumberjack/Default (2.3.0):
    - CocoaLumberjack/Core
  - CocoaLumberjack/Extensions (2.3.0):
    - CocoaLumberjack/Default
  - EPMLogger (0.1.9):
    - CocoaLumberjack (= 2.3.0)
    - GCDWebServer (~> 3.3.2)
  - fishhook (0.2)
  - GCDWebServer (3.3.3):
    - GCDWebServer/Core (= 3.3.3)
  - GCDWebServer/Core (3.3.3)
  - LogInWindow (0.0.1):
    - fishhook

DEPENDENCIES:
  - EPMLogger
  - LogInWindow (from `../../LogInWindow`)

EXTERNAL SOURCES:
  LogInWindow:
    :path: "../../LogInWindow"

SPEC CHECKSUMS:
  CocoaLumberjack: 97fab7ee5f507fe54445cca7ea80f926729cfd15
  EPMLogger: 3cef0e3f7c125a1d84ad782a8ebcb890e0cb7d4a
  fishhook: ea19933abfe8f2f52c55fd8b6e2718467d3ebc89
  GCDWebServer: 1c39a1f0763e4eb492bee021e4270fce097d3555
  LogInWindow: 36e5d9fc5be3abd34132d8d33617ba5198a91a22

PODFILE CHECKSUM: e33e412f7759b7f7eea7c5a69c5d31c7bca2b533

COCOAPODS: 1.2.1
