PODS:
  - CocoaLumberjack (3.7.0):
    - CocoaLumberjack/Core (= 3.7.0)
  - CocoaLumberjack/Core (3.7.0)
  - fishhook (0.2)
  - LogInWindow (0.1.0):
    - fishhook

DEPENDENCIES:
  - CocoaLumberjack
  - LogInWindow (from `../../LogInWindow`)

SPEC REPOS:
  trunk:
    - CocoaLumberjack
    - fishhook

EXTERNAL SOURCES:
  LogInWindow:
    :path: "../../LogInWindow"

SPEC CHECKSUMS:
  CocoaLumberjack: e8955b9d337ac307103b0a34fd141c32f27e53c5
  fishhook: ea19933abfe8f2f52c55fd8b6e2718467d3ebc89
  LogInWindow: c2a8add88550a80eb7efebe879a673721914406f

PODFILE CHECKSUM: 19086d8243c5676b382922cd64b4ea4dd343b882

COCOAPODS: 1.10.1
